
Microsoft Visual Studio Solution File, Format Version 12.00
# Visual Studio Version 17
VisualStudioVersion = 17.8.34408.163
MinimumVisualStudioVersion = 10.0.40219.1
Project("{FAE04EC0-301F-11D3-BF4B-00C04F79EFBC}") = "MergeTwoSortedLists", "MergeTwoSortedLists\MergeTwoSortedLists.csproj", "{5A04ED4E-5162-4234-A881-85BFB65ED949}"
EndProject
Global
	GlobalSection(SolutionConfigurationPlatforms) = preSolution
		Debug|Any CPU = Debug|Any CPU
		Release|Any CPU = Release|Any CPU
	EndGlobalSection
	GlobalSection(ProjectConfigurationPlatforms) = postSolution
		{5A04ED4E-5162-4234-A881-85BFB65ED949}.Debug|Any CPU.ActiveCfg = Debug|Any CPU
		{5A04ED4E-5162-4234-A881-85BFB65ED949}.Debug|Any CPU.Build.0 = Debug|Any CPU
		{5A04ED4E-5162-4234-A881-85BFB65ED949}.Release|Any CPU.ActiveCfg = Release|Any CPU
		{5A04ED4E-5162-4234-A881-85BFB65ED949}.Release|Any CPU.Build.0 = Release|Any CPU
	EndGlobalSection
	GlobalSection(SolutionProperties) = preSolution
		HideSolutionNode = FALSE
	EndGlobalSection
	GlobalSection(ExtensibilityGlobals) = postSolution
		SolutionGuid = {FACAABAB-44E4-4127-BEBF-66C6E3FEAAFD}
	EndGlobalSection
EndGlobal
